
Microsoft Visual Studio Solution File, Format Version 12.00
# Visual Studio 14
VisualStudioVersion = 14.0.25420.1
MinimumVisualStudioVersion = 10.0.40219.1
Project("{FAE04EC0-301F-11D3-BF4B-00C04F79EFBC}") = "DlhSoft.UndoManagementLibrary", "DlhSoft.UndoManagementLibrary\DlhSoft.UndoManagementLibrary.csproj", "{7784F1AD-6171-469D-8DC6-EE71A47672AE}"
EndProject
Project("{FAE04EC0-301F-11D3-BF4B-00C04F79EFBC}") = "DlhSoft.UndoManagementLibrary.Net", "DlhSoft.UndoManagementLibrary.Net\DlhSoft.UndoManagementLibrary.Net.csproj", "{49F7F46B-F37D-4B1A-B5AB-B6BF6C13FAA9}"
EndProject
Global
	GlobalSection(SolutionConfigurationPlatforms) = preSolution
		Debug|Any CPU = Debug|Any CPU
		Release|Any CPU = Release|Any CPU
	EndGlobalSection
	GlobalSection(ProjectConfigurationPlatforms) = postSolution
		{7784F1AD-6171-469D-8DC6-EE71A47672AE}.Debug|Any CPU.ActiveCfg = Debug|Any CPU
		{7784F1AD-6171-469D-8DC6-EE71A47672AE}.Debug|Any CPU.Build.0 = Debug|Any CPU
		{7784F1AD-6171-469D-8DC6-EE71A47672AE}.Release|Any CPU.ActiveCfg = Release|Any CPU
		{7784F1AD-6171-469D-8DC6-EE71A47672AE}.Release|Any CPU.Build.0 = Release|Any CPU
		{49F7F46B-F37D-4B1A-B5AB-B6BF6C13FAA9}.Debug|Any CPU.ActiveCfg = Debug|Any CPU
		{49F7F46B-F37D-4B1A-B5AB-B6BF6C13FAA9}.Debug|Any CPU.Build.0 = Debug|Any CPU
		{49F7F46B-F37D-4B1A-B5AB-B6BF6C13FAA9}.Release|Any CPU.ActiveCfg = Release|Any CPU
		{49F7F46B-F37D-4B1A-B5AB-B6BF6C13FAA9}.Release|Any CPU.Build.0 = Release|Any CPU
	EndGlobalSection
	GlobalSection(SolutionProperties) = preSolution
		HideSolutionNode = FALSE
	EndGlobalSection
EndGlobal
